
Microsoft Visual Studio Solution File, Format Version 12.00
# Visual Studio Version 16
VisualStudioVersion = 16.0.29926.136
MinimumVisualStudioVersion = 10.0.40219.1
Project("{9A19103F-16F7-4668-BE54-9A1E7A4F7556}") = "TestCommandText", "TestCommandText.csproj", "{8CB27A37-7A50-4A8D-BF04-0605FB9F2732}"
EndProject
Project("{9A19103F-16F7-4668-BE54-9A1E7A4F7556}") = "FlubuCore", "..\..\src\FlubuCore\FlubuCore.csproj", "{8EB9ABD6-3703-4A88-A550-14C32378ACCF}"
EndProject
Project("{9A19103F-16F7-4668-BE54-9A1E7A4F7556}") = "FlubuCore.WebApi", "..\..\src\FlubuCore.WebApi\FlubuCore.WebApi.csproj", "{3C5FBAEC-BCAD-4F08-8BEF-70B6334DB19D}"
EndProject
Project("{9A19103F-16F7-4668-BE54-9A1E7A4F7556}") = "FlubuCore.WebApi.Client", "..\..\src\FlubuCore.WebApi.Client\FlubuCore.WebApi.Client.csproj", "{FD74C569-024C-4DFE-809F-A782E9E77243}"
EndProject
Project("{9A19103F-16F7-4668-BE54-9A1E7A4F7556}") = "FlubuCore.WebApi.Model", "..\..\src\FlubuCore.WebApi.Model\FlubuCore.WebApi.Model.csproj", "{8D0738DB-3988-4B8E-B6F0-DB5153B041F7}"
EndProject
Global
	GlobalSection(SolutionConfigurationPlatforms) = preSolution
		Debug|Any CPU = Debug|Any CPU
		Release|Any CPU = Release|Any CPU
	EndGlobalSection
	GlobalSection(ProjectConfigurationPlatforms) = postSolution
		{8CB27A37-7A50-4A8D-BF04-0605FB9F2732}.Debug|Any CPU.ActiveCfg = Debug|Any CPU
		{8CB27A37-7A50-4A8D-BF04-0605FB9F2732}.Debug|Any CPU.Build.0 = Debug|Any CPU
		{8CB27A37-7A50-4A8D-BF04-0605FB9F2732}.Release|Any CPU.ActiveCfg = Release|Any CPU
		{8CB27A37-7A50-4A8D-BF04-0605FB9F2732}.Release|Any CPU.Build.0 = Release|Any CPU
		{8EB9ABD6-3703-4A88-A550-14C32378ACCF}.Debug|Any CPU.ActiveCfg = Debug|Any CPU
		{8EB9ABD6-3703-4A88-A550-14C32378ACCF}.Debug|Any CPU.Build.0 = Debug|Any CPU
		{8EB9ABD6-3703-4A88-A550-14C32378ACCF}.Release|Any CPU.ActiveCfg = Release|Any CPU
		{8EB9ABD6-3703-4A88-A550-14C32378ACCF}.Release|Any CPU.Build.0 = Release|Any CPU
		{3C5FBAEC-BCAD-4F08-8BEF-70B6334DB19D}.Debug|Any CPU.ActiveCfg = Debug|Any CPU
		{3C5FBAEC-BCAD-4F08-8BEF-70B6334DB19D}.Debug|Any CPU.Build.0 = Debug|Any CPU
		{3C5FBAEC-BCAD-4F08-8BEF-70B6334DB19D}.Release|Any CPU.ActiveCfg = Release|Any CPU
		{3C5FBAEC-BCAD-4F08-8BEF-70B6334DB19D}.Release|Any CPU.Build.0 = Release|Any CPU
		{FD74C569-024C-4DFE-809F-A782E9E77243}.Debug|Any CPU.ActiveCfg = Debug|Any CPU
		{FD74C569-024C-4DFE-809F-A782E9E77243}.Debug|Any CPU.Build.0 = Debug|Any CPU
		{FD74C569-024C-4DFE-809F-A782E9E77243}.Release|Any CPU.ActiveCfg = Release|Any CPU
		{FD74C569-024C-4DFE-809F-A782E9E77243}.Release|Any CPU.Build.0 = Release|Any CPU
		{8D0738DB-3988-4B8E-B6F0-DB5153B041F7}.Debug|Any CPU.ActiveCfg = Debug|Any CPU
		{8D0738DB-3988-4B8E-B6F0-DB5153B041F7}.Debug|Any CPU.Build.0 = Debug|Any CPU
		{8D0738DB-3988-4B8E-B6F0-DB5153B041F7}.Release|Any CPU.ActiveCfg = Release|Any CPU
		{8D0738DB-3988-4B8E-B6F0-DB5153B041F7}.Release|Any CPU.Build.0 = Release|Any CPU
	EndGlobalSection
	GlobalSection(SolutionProperties) = preSolution
		HideSolutionNode = FALSE
	EndGlobalSection
	GlobalSection(ExtensibilityGlobals) = postSolution
		SolutionGuid = {9E199C78-45BF-4998-ADD8-6BE43BD800C3}
	EndGlobalSection
EndGlobal
